
Microsoft Visual Studio Solution File, Format Version 12.00
# Visual Studio Version 16
VisualStudioVersion = 16.0.28922.388
MinimumVisualStudioVersion = 10.0.40219.1
Project("{FAE04EC0-301F-11D3-BF4B-00C04F79EFBC}") = "lkartladu", "lkartladu\lkartladu.csproj", "{3E7E3454-804A-40AB-AA2F-63D9639FC0EF}"
EndProject
Global
	GlobalSection(SolutionConfigurationPlatforms) = preSolution
		Debug|Any CPU = Debug|Any CPU
		Release|Any CPU = Release|Any CPU
	EndGlobalSection
	GlobalSection(ProjectConfigurationPlatforms) = postSolution
		{3E7E3454-804A-40AB-AA2F-63D9639FC0EF}.Debug|Any CPU.ActiveCfg = Debug|Any CPU
		{3E7E3454-804A-40AB-AA2F-63D9639FC0EF}.Debug|Any CPU.Build.0 = Debug|Any CPU
		{3E7E3454-804A-40AB-AA2F-63D9639FC0EF}.Release|Any CPU.ActiveCfg = Release|Any CPU
		{3E7E3454-804A-40AB-AA2F-63D9639FC0EF}.Release|Any CPU.Build.0 = Release|Any CPU
	EndGlobalSection
	GlobalSection(SolutionProperties) = preSolution
		HideSolutionNode = FALSE
	EndGlobalSection
	GlobalSection(ExtensibilityGlobals) = postSolution
		SolutionGuid = {0E67D4EE-CD1F-413F-BC9F-A66B8C41FFAE}
	EndGlobalSection
EndGlobal
